{
  "name": "rps-br",
  "version": "0.8.0",
  "lockfileVersion": 1,
  "requires": true,
  "dependencies": {
    "battle-royale": {
      "version": "0.8.0",
      "resolved": "https://registry.npmjs.org/battle-royale/-/battle-royale-0.8.0.tgz",
      "integrity": "sha512-DOe7KhX+qUSm6fz1yWbiUjIpIOatX97jhZnKXun777uT0HJe7jlzLxbQdN6Il4rh7Ij+nClUsjCrK/bmzBgDhw=="
    }
  }
}
